Microsoft Visual Studio Solution File, Format Version 12.00
# Visual Studio Version 17
VisualStudioVersion = 17.5.2.0
MinimumVisualStudioVersion = 10.0.40219.1
Project("{FAE04EC0-301F-11D3-BF4B-00C04F79EFBC}") = "leet-2493", "leet-2493.csproj", "{6EC13CD6-7955-C28A-F91C-2D89DB02EEC0}"
EndProject
Global
	GlobalSection(SolutionConfigurationPlatforms) = preSolution
		Debug|Any CPU = Debug|Any CPU
		Release|Any CPU = Release|Any CPU
	EndGlobalSection
	GlobalSection(ProjectConfigurationPlatforms) = postSolution
		{6EC13CD6-7955-C28A-F91C-2D89DB02EEC0}.Debug|Any CPU.ActiveCfg = Debug|Any CPU
		{6EC13CD6-7955-C28A-F91C-2D89DB02EEC0}.Debug|Any CPU.Build.0 = Debug|Any CPU
		{6EC13CD6-7955-C28A-F91C-2D89DB02EEC0}.Release|Any CPU.ActiveCfg = Release|Any CPU
		{6EC13CD6-7955-C28A-F91C-2D89DB02EEC0}.Release|Any CPU.Build.0 = Release|Any CPU
	EndGlobalSection
	GlobalSection(SolutionProperties) = preSolution
		HideSolutionNode = FALSE
	EndGlobalSection
	GlobalSection(ExtensibilityGlobals) = postSolution
		SolutionGuid = {482C71E3-9938-40B1-96BC-3FE531D77980}
	EndGlobalSection
EndGlobal
