Microsoft Visual Studio Solution File, Format Version 12.00
# Visual Studio Version 17
VisualStudioVersion = 17.5.2.0
MinimumVisualStudioVersion = 10.0.40219.1
Project("{FAE04EC0-301F-11D3-BF4B-00C04F79EFBC}") = "leet-1765", "leet-1765.csproj", "{CFF8A65A-5364-1324-A166-DA0774E1C9EE}"
EndProject
Global
	GlobalSection(SolutionConfigurationPlatforms) = preSolution
		Debug|Any CPU = Debug|Any CPU
		Release|Any CPU = Release|Any CPU
	EndGlobalSection
	GlobalSection(ProjectConfigurationPlatforms) = postSolution
		{CFF8A65A-5364-1324-A166-DA0774E1C9EE}.Debug|Any CPU.ActiveCfg = Debug|Any CPU
		{CFF8A65A-5364-1324-A166-DA0774E1C9EE}.Debug|Any CPU.Build.0 = Debug|Any CPU
		{CFF8A65A-5364-1324-A166-DA0774E1C9EE}.Release|Any CPU.ActiveCfg = Release|Any CPU
		{CFF8A65A-5364-1324-A166-DA0774E1C9EE}.Release|Any CPU.Build.0 = Release|Any CPU
	EndGlobalSection
	GlobalSection(SolutionProperties) = preSolution
		HideSolutionNode = FALSE
	EndGlobalSection
	GlobalSection(ExtensibilityGlobals) = postSolution
		SolutionGuid = {6320E5F7-CD9F-493F-B63D-F9DAFF3F835D}
	EndGlobalSection
EndGlobal
