Microsoft Visual Studio Solution File, Format Version 12.00
# Visual Studio Version 17
VisualStudioVersion = 17.5.2.0
MinimumVisualStudioVersion = 10.0.40219.1
Project("{FAE04EC0-301F-11D3-BF4B-00C04F79EFBC}") = "leet-2364", "leet-2364.csproj", "{EA1274A8-37E6-413E-6FEB-02A7BFE6A660}"
EndProject
Global
	GlobalSection(SolutionConfigurationPlatforms) = preSolution
		Debug|Any CPU = Debug|Any CPU
		Release|Any CPU = Release|Any CPU
	EndGlobalSection
	GlobalSection(ProjectConfigurationPlatforms) = postSolution
		{EA1274A8-37E6-413E-6FEB-02A7BFE6A660}.Debug|Any CPU.ActiveCfg = Debug|Any CPU
		{EA1274A8-37E6-413E-6FEB-02A7BFE6A660}.Debug|Any CPU.Build.0 = Debug|Any CPU
		{EA1274A8-37E6-413E-6FEB-02A7BFE6A660}.Release|Any CPU.ActiveCfg = Release|Any CPU
		{EA1274A8-37E6-413E-6FEB-02A7BFE6A660}.Release|Any CPU.Build.0 = Release|Any CPU
	EndGlobalSection
	GlobalSection(SolutionProperties) = preSolution
		HideSolutionNode = FALSE
	EndGlobalSection
	GlobalSection(ExtensibilityGlobals) = postSolution
		SolutionGuid = {511893DB-5484-41FB-A59A-ABE993926F2B}
	EndGlobalSection
EndGlobal
