Microsoft Visual Studio Solution File, Format Version 12.00
# Visual Studio Version 17
VisualStudioVersion = 17.5.2.0
MinimumVisualStudioVersion = 10.0.40219.1
Project("{FAE04EC0-301F-11D3-BF4B-00C04F79EFBC}") = "leet-3105", "leet-3105.csproj", "{9525BE8D-A01B-D174-691B-7F243255E593}"
EndProject
Global
	GlobalSection(SolutionConfigurationPlatforms) = preSolution
		Debug|Any CPU = Debug|Any CPU
		Release|Any CPU = Release|Any CPU
	EndGlobalSection
	GlobalSection(ProjectConfigurationPlatforms) = postSolution
		{9525BE8D-A01B-D174-691B-7F243255E593}.Debug|Any CPU.ActiveCfg = Debug|Any CPU
		{9525BE8D-A01B-D174-691B-7F243255E593}.Debug|Any CPU.Build.0 = Debug|Any CPU
		{9525BE8D-A01B-D174-691B-7F243255E593}.Release|Any CPU.ActiveCfg = Release|Any CPU
		{9525BE8D-A01B-D174-691B-7F243255E593}.Release|Any CPU.Build.0 = Release|Any CPU
	EndGlobalSection
	GlobalSection(SolutionProperties) = preSolution
		HideSolutionNode = FALSE
	EndGlobalSection
	GlobalSection(ExtensibilityGlobals) = postSolution
		SolutionGuid = {B0313287-31EF-4DC5-8BE4-835E688F192F}
	EndGlobalSection
EndGlobal
