Microsoft Visual Studio Solution File, Format Version 12.00
# Visual Studio Version 17
VisualStudioVersion = 17.5.2.0
MinimumVisualStudioVersion = 10.0.40219.1
Project("{FAE04EC0-301F-11D3-BF4B-00C04F79EFBC}") = "leet-2017", "leet-2017.csproj", "{56A1BA9C-8991-A48E-34F6-F357087D3B02}"
EndProject
Global
	GlobalSection(SolutionConfigurationPlatforms) = preSolution
		Debug|Any CPU = Debug|Any CPU
		Release|Any CPU = Release|Any CPU
	EndGlobalSection
	GlobalSection(ProjectConfigurationPlatforms) = postSolution
		{56A1BA9C-8991-A48E-34F6-F357087D3B02}.Debug|Any CPU.ActiveCfg = Debug|Any CPU
		{56A1BA9C-8991-A48E-34F6-F357087D3B02}.Debug|Any CPU.Build.0 = Debug|Any CPU
		{56A1BA9C-8991-A48E-34F6-F357087D3B02}.Release|Any CPU.ActiveCfg = Release|Any CPU
		{56A1BA9C-8991-A48E-34F6-F357087D3B02}.Release|Any CPU.Build.0 = Release|Any CPU
	EndGlobalSection
	GlobalSection(SolutionProperties) = preSolution
		HideSolutionNode = FALSE
	EndGlobalSection
	GlobalSection(ExtensibilityGlobals) = postSolution
		SolutionGuid = {61F8F87F-E74A-41A3-A125-7517AAB63668}
	EndGlobalSection
EndGlobal
