Microsoft Visual Studio Solution File, Format Version 12.00
# Visual Studio Version 17
VisualStudioVersion = 17.5.2.0
MinimumVisualStudioVersion = 10.0.40219.1
Project("{FAE04EC0-301F-11D3-BF4B-00C04F79EFBC}") = "leet-3", "leet-3.csproj", "{E86B068F-FF67-595F-4399-8ED11436BA14}"
EndProject
Global
	GlobalSection(SolutionConfigurationPlatforms) = preSolution
		Debug|Any CPU = Debug|Any CPU
		Release|Any CPU = Release|Any CPU
	EndGlobalSection
	GlobalSection(ProjectConfigurationPlatforms) = postSolution
		{E86B068F-FF67-595F-4399-8ED11436BA14}.Debug|Any CPU.ActiveCfg = Debug|Any CPU
		{E86B068F-FF67-595F-4399-8ED11436BA14}.Debug|Any CPU.Build.0 = Debug|Any CPU
		{E86B068F-FF67-595F-4399-8ED11436BA14}.Release|Any CPU.ActiveCfg = Release|Any CPU
		{E86B068F-FF67-595F-4399-8ED11436BA14}.Release|Any CPU.Build.0 = Release|Any CPU
	EndGlobalSection
	GlobalSection(SolutionProperties) = preSolution
		HideSolutionNode = FALSE
	EndGlobalSection
	GlobalSection(ExtensibilityGlobals) = postSolution
		SolutionGuid = {5DE855BF-3E0A-49C2-BB0F-70695D218FCA}
	EndGlobalSection
EndGlobal
