Microsoft Visual Studio Solution File, Format Version 12.00
# Visual Studio Version 17
VisualStudioVersion = 17.5.2.0
MinimumVisualStudioVersion = 10.0.40219.1
Project("{FAE04EC0-301F-11D3-BF4B-00C04F79EFBC}") = "leet-1368", "leet-1368.csproj", "{D928F660-CB69-5E6D-93B2-34F6EB77FDB6}"
EndProject
Global
	GlobalSection(SolutionConfigurationPlatforms) = preSolution
		Debug|Any CPU = Debug|Any CPU
		Release|Any CPU = Release|Any CPU
	EndGlobalSection
	GlobalSection(ProjectConfigurationPlatforms) = postSolution
		{D928F660-CB69-5E6D-93B2-34F6EB77FDB6}.Debug|Any CPU.ActiveCfg = Debug|Any CPU
		{D928F660-CB69-5E6D-93B2-34F6EB77FDB6}.Debug|Any CPU.Build.0 = Debug|Any CPU
		{D928F660-CB69-5E6D-93B2-34F6EB77FDB6}.Release|Any CPU.ActiveCfg = Release|Any CPU
		{D928F660-CB69-5E6D-93B2-34F6EB77FDB6}.Release|Any CPU.Build.0 = Release|Any CPU
	EndGlobalSection
	GlobalSection(SolutionProperties) = preSolution
		HideSolutionNode = FALSE
	EndGlobalSection
	GlobalSection(ExtensibilityGlobals) = postSolution
		SolutionGuid = {4FA92D4F-9997-4340-A32F-8F99E1BD050E}
	EndGlobalSection
EndGlobal
