Microsoft Visual Studio Solution File, Format Version 12.00
# Visual Studio Version 17
VisualStudioVersion = 17.5.2.0
MinimumVisualStudioVersion = 10.0.40219.1
Project("{FAE04EC0-301F-11D3-BF4B-00C04F79EFBC}") = "leet-781", "leet-781.csproj", "{05B25783-AE5F-A190-1FC1-33F230BF29BC}"
EndProject
Global
	GlobalSection(SolutionConfigurationPlatforms) = preSolution
		Debug|Any CPU = Debug|Any CPU
		Release|Any CPU = Release|Any CPU
	EndGlobalSection
	GlobalSection(ProjectConfigurationPlatforms) = postSolution
		{05B25783-AE5F-A190-1FC1-33F230BF29BC}.Debug|Any CPU.ActiveCfg = Debug|Any CPU
		{05B25783-AE5F-A190-1FC1-33F230BF29BC}.Debug|Any CPU.Build.0 = Debug|Any CPU
		{05B25783-AE5F-A190-1FC1-33F230BF29BC}.Release|Any CPU.ActiveCfg = Release|Any CPU
		{05B25783-AE5F-A190-1FC1-33F230BF29BC}.Release|Any CPU.Build.0 = Release|Any CPU
	EndGlobalSection
	GlobalSection(SolutionProperties) = preSolution
		HideSolutionNode = FALSE
	EndGlobalSection
	GlobalSection(ExtensibilityGlobals) = postSolution
		SolutionGuid = {DB640C16-C422-402E-9519-2D3314E776F7}
	EndGlobalSection
EndGlobal
