Microsoft Visual Studio Solution File, Format Version 12.00
# Visual Studio Version 17
VisualStudioVersion = 17.5.2.0
MinimumVisualStudioVersion = 10.0.40219.1
Project("{FAE04EC0-301F-11D3-BF4B-00C04F79EFBC}") = "leet-1752", "leet-1752.csproj", "{4A995947-9E38-E54E-B63A-C5A5477DBFA6}"
EndProject
Global
	GlobalSection(SolutionConfigurationPlatforms) = preSolution
		Debug|Any CPU = Debug|Any CPU
		Release|Any CPU = Release|Any CPU
	EndGlobalSection
	GlobalSection(ProjectConfigurationPlatforms) = postSolution
		{4A995947-9E38-E54E-B63A-C5A5477DBFA6}.Debug|Any CPU.ActiveCfg = Debug|Any CPU
		{4A995947-9E38-E54E-B63A-C5A5477DBFA6}.Debug|Any CPU.Build.0 = Debug|Any CPU
		{4A995947-9E38-E54E-B63A-C5A5477DBFA6}.Release|Any CPU.ActiveCfg = Release|Any CPU
		{4A995947-9E38-E54E-B63A-C5A5477DBFA6}.Release|Any CPU.Build.0 = Release|Any CPU
	EndGlobalSection
	GlobalSection(SolutionProperties) = preSolution
		HideSolutionNode = FALSE
	EndGlobalSection
	GlobalSection(ExtensibilityGlobals) = postSolution
		SolutionGuid = {7FDC5A52-E2EE-44C7-8836-2C1595856CC0}
	EndGlobalSection
EndGlobal
