Microsoft Visual Studio Solution File, Format Version 12.00
# Visual Studio Version 17
VisualStudioVersion = 17.5.2.0
MinimumVisualStudioVersion = 10.0.40219.1
Project("{FAE04EC0-301F-11D3-BF4B-00C04F79EFBC}") = "leet-7", "leet-7.csproj", "{A129C80C-46EE-B4CC-BF62-949B8F7291E5}"
EndProject
Global
	GlobalSection(SolutionConfigurationPlatforms) = preSolution
		Debug|Any CPU = Debug|Any CPU
		Release|Any CPU = Release|Any CPU
	EndGlobalSection
	GlobalSection(ProjectConfigurationPlatforms) = postSolution
		{A129C80C-46EE-B4CC-BF62-949B8F7291E5}.Debug|Any CPU.ActiveCfg = Debug|Any CPU
		{A129C80C-46EE-B4CC-BF62-949B8F7291E5}.Debug|Any CPU.Build.0 = Debug|Any CPU
		{A129C80C-46EE-B4CC-BF62-949B8F7291E5}.Release|Any CPU.ActiveCfg = Release|Any CPU
		{A129C80C-46EE-B4CC-BF62-949B8F7291E5}.Release|Any CPU.Build.0 = Release|Any CPU
	EndGlobalSection
	GlobalSection(SolutionProperties) = preSolution
		HideSolutionNode = FALSE
	EndGlobalSection
	GlobalSection(ExtensibilityGlobals) = postSolution
		SolutionGuid = {BFB34DE0-85D5-45A8-B1E9-FA18FCCB9A31}
	EndGlobalSection
EndGlobal
